
Microsoft Visual Studio Solution File, Format Version 12.00
# Visual Studio Version 16
VisualStudioVersion = 16.0.32929.386
MinimumVisualStudioVersion = 10.0.40219.1
Project("{FAE04EC0-301F-11D3-BF4B-00C04F79EFBC}") = "Gpa_Calculator", "Gpa_Calculator\Gpa_Calculator.csproj", "{BE16B087-90FB-4001-B257-B35CAD667BCF}"
EndProject
Project("{FAE04EC0-301F-11D3-BF4B-00C04F79EFBC}") = "DTO", "DTO\DTO.csproj", "{847CC603-7A79-4924-9AE6-88C22107B9D3}"
EndProject
Project("{FAE04EC0-301F-11D3-BF4B-00C04F79EFBC}") = "PL", "PL\PL.csproj", "{193780F5-FD7B-4731-B84A-69C6957CBD67}"
EndProject
Project("{FAE04EC0-301F-11D3-BF4B-00C04F79EFBC}") = "BLL", "BLL\BLL.csproj", "{1ECF4878-6657-4C7C-A0B3-D46D0C95D215}"
EndProject
Project("{FAE04EC0-301F-11D3-BF4B-00C04F79EFBC}") = "DAL", "DAL\DAL.csproj", "{010BBE80-4528-4DC8-86C6-9E38C12A5999}"
EndProject
Global
	GlobalSection(SolutionConfigurationPlatforms) = preSolution
		Debug|Any CPU = Debug|Any CPU
		Release|Any CPU = Release|Any CPU
	EndGlobalSection
	GlobalSection(ProjectConfigurationPlatforms) = postSolution
		{BE16B087-90FB-4001-B257-B35CAD667BCF}.Debug|Any CPU.ActiveCfg = Debug|Any CPU
		{BE16B087-90FB-4001-B257-B35CAD667BCF}.Debug|Any CPU.Build.0 = Debug|Any CPU
		{BE16B087-90FB-4001-B257-B35CAD667BCF}.Release|Any CPU.ActiveCfg = Release|Any CPU
		{BE16B087-90FB-4001-B257-B35CAD667BCF}.Release|Any CPU.Build.0 = Release|Any CPU
		{847CC603-7A79-4924-9AE6-88C22107B9D3}.Debug|Any CPU.ActiveCfg = Debug|Any CPU
		{847CC603-7A79-4924-9AE6-88C22107B9D3}.Debug|Any CPU.Build.0 = Debug|Any CPU
		{847CC603-7A79-4924-9AE6-88C22107B9D3}.Release|Any CPU.ActiveCfg = Release|Any CPU
		{847CC603-7A79-4924-9AE6-88C22107B9D3}.Release|Any CPU.Build.0 = Release|Any CPU
		{193780F5-FD7B-4731-B84A-69C6957CBD67}.Debug|Any CPU.ActiveCfg = Debug|Any CPU
		{193780F5-FD7B-4731-B84A-69C6957CBD67}.Debug|Any CPU.Build.0 = Debug|Any CPU
		{193780F5-FD7B-4731-B84A-69C6957CBD67}.Release|Any CPU.ActiveCfg = Release|Any CPU
		{193780F5-FD7B-4731-B84A-69C6957CBD67}.Release|Any CPU.Build.0 = Release|Any CPU
		{1ECF4878-6657-4C7C-A0B3-D46D0C95D215}.Debug|Any CPU.ActiveCfg = Debug|Any CPU
		{1ECF4878-6657-4C7C-A0B3-D46D0C95D215}.Debug|Any CPU.Build.0 = Debug|Any CPU
		{1ECF4878-6657-4C7C-A0B3-D46D0C95D215}.Release|Any CPU.ActiveCfg = Release|Any CPU
		{1ECF4878-6657-4C7C-A0B3-D46D0C95D215}.Release|Any CPU.Build.0 = Release|Any CPU
		{010BBE80-4528-4DC8-86C6-9E38C12A5999}.Debug|Any CPU.ActiveCfg = Debug|Any CPU
		{010BBE80-4528-4DC8-86C6-9E38C12A5999}.Debug|Any CPU.Build.0 = Debug|Any CPU
		{010BBE80-4528-4DC8-86C6-9E38C12A5999}.Release|Any CPU.ActiveCfg = Release|Any CPU
		{010BBE80-4528-4DC8-86C6-9E38C12A5999}.Release|Any CPU.Build.0 = Release|Any CPU
	EndGlobalSection
	GlobalSection(SolutionProperties) = preSolution
		HideSolutionNode = FALSE
	EndGlobalSection
	GlobalSection(ExtensibilityGlobals) = postSolution
		SolutionGuid = {74C12FD1-B0B9-4160-BC98-E65885465255}
	EndGlobalSection
EndGlobal
