
Microsoft Visual Studio Solution File, Format Version 12.00
# Visual Studio Version 17
VisualStudioVersion = 17.4.33103.184
MinimumVisualStudioVersion = 10.0.40219.1
Project("{FAE04EC0-301F-11D3-BF4B-00C04F79EFBC}") = "HomeWork03", "HomeWork03\HomeWork03.csproj", "{A8FA15D4-2BD8-4B01-9A10-ECE65DB88E24}"
EndProject
Project("{FAE04EC0-301F-11D3-BF4B-00C04F79EFBC}") = "DTO", "DTO\DTO.csproj", "{3E2CD4CD-14E1-425D-B866-1386995E02FE}"
EndProject
Project("{FAE04EC0-301F-11D3-BF4B-00C04F79EFBC}") = "BLL", "BLL\BLL.csproj", "{A674ABF6-0AB5-4736-BDE3-A2E2C6556DC1}"
EndProject
Project("{FAE04EC0-301F-11D3-BF4B-00C04F79EFBC}") = "DAL", "DAL\DAL.csproj", "{E0032796-4F39-4291-960E-7292A549D14D}"
EndProject
Project("{FAE04EC0-301F-11D3-BF4B-00C04F79EFBC}") = "PL", "PL\PL.csproj", "{0284968E-A5A8-447A-9962-93EE7B3CD155}"
EndProject
Global
	GlobalSection(SolutionConfigurationPlatforms) = preSolution
		Debug|Any CPU = Debug|Any CPU
		Release|Any CPU = Release|Any CPU
	EndGlobalSection
	GlobalSection(ProjectConfigurationPlatforms) = postSolution
		{A8FA15D4-2BD8-4B01-9A10-ECE65DB88E24}.Debug|Any CPU.ActiveCfg = Debug|Any CPU
		{A8FA15D4-2BD8-4B01-9A10-ECE65DB88E24}.Debug|Any CPU.Build.0 = Debug|Any CPU
		{A8FA15D4-2BD8-4B01-9A10-ECE65DB88E24}.Release|Any CPU.ActiveCfg = Release|Any CPU
		{A8FA15D4-2BD8-4B01-9A10-ECE65DB88E24}.Release|Any CPU.Build.0 = Release|Any CPU
		{3E2CD4CD-14E1-425D-B866-1386995E02FE}.Debug|Any CPU.ActiveCfg = Debug|Any CPU
		{3E2CD4CD-14E1-425D-B866-1386995E02FE}.Debug|Any CPU.Build.0 = Debug|Any CPU
		{3E2CD4CD-14E1-425D-B866-1386995E02FE}.Release|Any CPU.ActiveCfg = Release|Any CPU
		{3E2CD4CD-14E1-425D-B866-1386995E02FE}.Release|Any CPU.Build.0 = Release|Any CPU
		{A674ABF6-0AB5-4736-BDE3-A2E2C6556DC1}.Debug|Any CPU.ActiveCfg = Debug|Any CPU
		{A674ABF6-0AB5-4736-BDE3-A2E2C6556DC1}.Debug|Any CPU.Build.0 = Debug|Any CPU
		{A674ABF6-0AB5-4736-BDE3-A2E2C6556DC1}.Release|Any CPU.ActiveCfg = Release|Any CPU
		{A674ABF6-0AB5-4736-BDE3-A2E2C6556DC1}.Release|Any CPU.Build.0 = Release|Any CPU
		{E0032796-4F39-4291-960E-7292A549D14D}.Debug|Any CPU.ActiveCfg = Debug|Any CPU
		{E0032796-4F39-4291-960E-7292A549D14D}.Debug|Any CPU.Build.0 = Debug|Any CPU
		{E0032796-4F39-4291-960E-7292A549D14D}.Release|Any CPU.ActiveCfg = Release|Any CPU
		{E0032796-4F39-4291-960E-7292A549D14D}.Release|Any CPU.Build.0 = Release|Any CPU
		{0284968E-A5A8-447A-9962-93EE7B3CD155}.Debug|Any CPU.ActiveCfg = Debug|Any CPU
		{0284968E-A5A8-447A-9962-93EE7B3CD155}.Debug|Any CPU.Build.0 = Debug|Any CPU
		{0284968E-A5A8-447A-9962-93EE7B3CD155}.Release|Any CPU.ActiveCfg = Release|Any CPU
		{0284968E-A5A8-447A-9962-93EE7B3CD155}.Release|Any CPU.Build.0 = Release|Any CPU
	EndGlobalSection
	GlobalSection(SolutionProperties) = preSolution
		HideSolutionNode = FALSE
	EndGlobalSection
	GlobalSection(ExtensibilityGlobals) = postSolution
		SolutionGuid = {BDB8AF05-37DD-4ECB-9589-CE26FCAAE6F5}
	EndGlobalSection
EndGlobal
